<?xml version="1.0" encoding="utf-8"?>
<Project ToolsVersion="4.0" xmlns="http://schemas.microsoft.com/developer/msbuild/2003">
  <ItemGroup>
    <ClCompile Include="dllmain.cpp" />
    <ClCompile Include="TcpSocketInfo.cpp" />
    <ClCompile Include="TcpSocketList.cpp" />
    <ClCompile Include="agiri.cpp">
      <Filter>agiri</Filter>
    </ClCompile>
  </ItemGroup>
  <ItemGroup>
    <ClInclude Include="TcpSocketInfo.h" />
    <ClInclude Include="TcpSocketList.h" />
    <ClInclude Include="SimpleThread.h">
      <Filter>agiri</Filter>
    </ClInclude>
    <ClInclude Include="server.h">
      <Filter>agiri</Filter>
    </ClInclude>
    <ClInclude Include="agiri.h">
      <Filter>agiri</Filter>
    </ClInclude>
  </ItemGroup>
  <ItemGroup>
    <Filter Include="agiri">
      <UniqueIdentifier>{41c79106-4fdc-4bb6-a556-0d0ba7fc9bc4}</UniqueIdentifier>
    </Filter>
  </ItemGroup>
</Project>